<?xml version="1.0" encoding="utf-8"?>
<Project ToolsVersion="4.0" xmlns="http://schemas.microsoft.com/developer/msbuild/2003">
  <ItemGroup>
    <Filter Include="Platform">
      <UniqueIdentifier>{2AC788B4-1694-E3BF-3FAD-D1672BD9184E}</UniqueIdentifier>
    </Filter>
    <Filter Include="Platform\Windows">
      <UniqueIdentifier>{64FBD71A-50F4-F66C-7926-DCF1657ED678}</UniqueIdentifier>
    </Filter>
    <Filter Include="XEngine">
      <UniqueIdentifier>{D342B922-3F22-38BE-483A-C394B4989E1F}</UniqueIdentifier>
    </Filter>
    <Filter Include="XEngine\Event">
      <UniqueIdentifier>{645628F2-D016-A428-9951-EDA505D1E804}</UniqueIdentifier>
    </Filter>
  </ItemGroup>
  <ItemGroup>
    <ClInclude Include="src\Platform\Windows\WindowsWindow.h">
      <Filter>Platform\Windows</Filter>
    </ClInclude>
    <ClInclude Include="src\XEngine.h" />
    <ClInclude Include="src\XEngine\Application.h">
      <Filter>XEngine</Filter>
    </ClInclude>
    <ClInclude Include="src\XEngine\EntryPoint.h">
      <Filter>XEngine</Filter>
    </ClInclude>
    <ClInclude Include="src\XEngine\Event\ApplicationEvent.h">
      <Filter>XEngine\Event</Filter>
    </ClInclude>
    <ClInclude Include="src\XEngine\Event\Event.h">
      <Filter>XEngine\Event</Filter>
    </ClInclude>
    <ClInclude Include="src\XEngine\Event\KeyEvent.h">
      <Filter>XEngine\Event</Filter>
    </ClInclude>
    <ClInclude Include="src\XEngine\Event\MouseEvent.h">
      <Filter>XEngine\Event</Filter>
    </ClInclude>
    <ClInclude Include="src\XEngine\Layer.h">
      <Filter>XEngine</Filter>
    </ClInclude>
    <ClInclude Include="src\XEngine\LayerStack.h">
      <Filter>XEngine</Filter>
    </ClInclude>
    <ClInclude Include="src\XEngine\Window.h">
      <Filter>XEngine</Filter>
    </ClInclude>
    <ClInclude Include="src\XEngine\core.h">
      <Filter>XEngine</Filter>
    </ClInclude>
    <ClInclude Include="src\XEngine\log.h">
      <Filter>XEngine</Filter>
    </ClInclude>
    <ClInclude Include="src\xepch.h" />
  </ItemGroup>
  <ItemGroup>
    <ClCompile Include="src\Platform\Windows\WindowsWindow.cpp">
      <Filter>Platform\Windows</Filter>
    </ClCompile>
    <ClCompile Include="src\XEngine\Application.cpp">
      <Filter>XEngine</Filter>
    </ClCompile>
    <ClCompile Include="src\XEngine\Layer.cpp">
      <Filter>XEngine</Filter>
    </ClCompile>
    <ClCompile Include="src\XEngine\LayerStack.cpp">
      <Filter>XEngine</Filter>
    </ClCompile>
    <ClCompile Include="src\XEngine\log.cpp">
      <Filter>XEngine</Filter>
    </ClCompile>
    <ClCompile Include="src\xepch.cpp" />
  </ItemGroup>
</Project>