<?xml version="1.0" encoding="utf-8"?>
<Project ToolsVersion="4.0" xmlns="http://schemas.microsoft.com/developer/msbuild/2003">
  <ItemGroup>
    <Filter Include="src">
      <UniqueIdentifier>{2DAB880B-99B4-887C-2230-9F7C8E38947C}</UniqueIdentifier>
    </Filter>
    <Filter Include="src\Platform">
      <UniqueIdentifier>{21CA02E5-0D2D-9289-B6B2-CA3FA2F45D0C}</UniqueIdentifier>
    </Filter>
    <Filter Include="src\Platform\OpenGL">
      <UniqueIdentifier>{35A49437-A105-7245-2A73-B8F796D3A804}</UniqueIdentifier>
    </Filter>
    <Filter Include="src\Platform\Windows">
      <UniqueIdentifier>{5B054582-4794-CE4B-F0B2-E246DC20DFF1}</UniqueIdentifier>
    </Filter>
    <Filter Include="src\XEngine">
      <UniqueIdentifier>{EA42F32B-56F8-6B21-DFEC-65F84BA16225}</UniqueIdentifier>
    </Filter>
    <Filter Include="src\XEngine\Core">
      <UniqueIdentifier>{82C99CB5-6EC2-BB07-97F4-A08C834C9B13}</UniqueIdentifier>
    </Filter>
    <Filter Include="src\XEngine\Event">
      <UniqueIdentifier>{BBCB5D69-27E2-5BFF-7059-E720DCAE2C87}</UniqueIdentifier>
    </Filter>
    <Filter Include="src\XEngine\ImGui">
      <UniqueIdentifier>{94BFA069-00D6-9EFF-494D-2A21B5A26F87}</UniqueIdentifier>
    </Filter>
    <Filter Include="src\XEngine\Renderer">
      <UniqueIdentifier>{D06DF12E-BCFC-7AF8-651B-8FF351898B9E}</UniqueIdentifier>
    </Filter>
    <Filter Include="vendor">
      <UniqueIdentifier>{B3738122-9F15-ACF8-88D0-BF4C74113349}</UniqueIdentifier>
    </Filter>
    <Filter Include="vendor\stb_image">
      <UniqueIdentifier>{0DA0BA59-F998-D9AB-22CB-BE300E23B9B7}</UniqueIdentifier>
    </Filter>
  </ItemGroup>
  <ItemGroup>
    <ClInclude Include="src\Platform\OpenGL\OpenGLBuffer.h">
      <Filter>src\Platform\OpenGL</Filter>
    </ClInclude>
    <ClInclude Include="src\Platform\OpenGL\OpenGLContext.h">
      <Filter>src\Platform\OpenGL</Filter>
    </ClInclude>
    <ClInclude Include="src\Platform\OpenGL\OpenGLRendererAPI.h">
      <Filter>src\Platform\OpenGL</Filter>
    </ClInclude>
    <ClInclude Include="src\Platform\OpenGL\OpenGLShader.h">
      <Filter>src\Platform\OpenGL</Filter>
    </ClInclude>
    <ClInclude Include="src\Platform\OpenGL\OpenGLTexture.h">
      <Filter>src\Platform\OpenGL</Filter>
    </ClInclude>
    <ClInclude Include="src\Platform\OpenGL\OpenGLVertexArray.h">
      <Filter>src\Platform\OpenGL</Filter>
    </ClInclude>
    <ClInclude Include="src\Platform\Windows\WindowInput.h">
      <Filter>src\Platform\Windows</Filter>
    </ClInclude>
    <ClInclude Include="src\Platform\Windows\WindowsWindow.h">
      <Filter>src\Platform\Windows</Filter>
    </ClInclude>
    <ClInclude Include="src\XEngine.h">
      <Filter>src</Filter>
    </ClInclude>
    <ClInclude Include="src\XEngine\Core\Application.h">
      <Filter>src\XEngine\Core</Filter>
    </ClInclude>
    <ClInclude Include="src\XEngine\Core\EntryPoint.h">
      <Filter>src\XEngine\Core</Filter>
    </ClInclude>
    <ClInclude Include="src\XEngine\Core\Input.h">
      <Filter>src\XEngine\Core</Filter>
    </ClInclude>
    <ClInclude Include="src\XEngine\Core\KeyCodes.h">
      <Filter>src\XEngine\Core</Filter>
    </ClInclude>
    <ClInclude Include="src\XEngine\Core\Layer.h">
      <Filter>src\XEngine\Core</Filter>
    </ClInclude>
    <ClInclude Include="src\XEngine\Core\LayerStack.h">
      <Filter>src\XEngine\Core</Filter>
    </ClInclude>
    <ClInclude Include="src\XEngine\Core\MouseButtonCodes.h">
      <Filter>src\XEngine\Core</Filter>
    </ClInclude>
    <ClInclude Include="src\XEngine\Core\TimeStep.h">
      <Filter>src\XEngine\Core</Filter>
    </ClInclude>
    <ClInclude Include="src\XEngine\Core\Window.h">
      <Filter>src\XEngine\Core</Filter>
    </ClInclude>
    <ClInclude Include="src\XEngine\Core\core.h">
      <Filter>src\XEngine\Core</Filter>
    </ClInclude>
    <ClInclude Include="src\XEngine\Core\log.h">
      <Filter>src\XEngine\Core</Filter>
    </ClInclude>
    <ClInclude Include="src\XEngine\Event\ApplicationEvent.h">
      <Filter>src\XEngine\Event</Filter>
    </ClInclude>
    <ClInclude Include="src\XEngine\Event\Event.h">
      <Filter>src\XEngine\Event</Filter>
    </ClInclude>
    <ClInclude Include="src\XEngine\Event\KeyEvent.h">
      <Filter>src\XEngine\Event</Filter>
    </ClInclude>
    <ClInclude Include="src\XEngine\Event\MouseEvent.h">
      <Filter>src\XEngine\Event</Filter>
    </ClInclude>
    <ClInclude Include="src\XEngine\ImGui\ImGuiLayer.h">
      <Filter>src\XEngine\ImGui</Filter>
    </ClInclude>
    <ClInclude Include="src\XEngine\OrthographicCameraController.h">
      <Filter>src\XEngine</Filter>
    </ClInclude>
    <ClInclude Include="src\XEngine\Renderer\Buffer.h">
      <Filter>src\XEngine\Renderer</Filter>
    </ClInclude>
    <ClInclude Include="src\XEngine\Renderer\GraphicsContext.h">
      <Filter>src\XEngine\Renderer</Filter>
    </ClInclude>
    <ClInclude Include="src\XEngine\Renderer\OrthographicCamera.h">
      <Filter>src\XEngine\Renderer</Filter>
    </ClInclude>
    <ClInclude Include="src\XEngine\Renderer\RenderCommand.h">
      <Filter>src\XEngine\Renderer</Filter>
    </ClInclude>
    <ClInclude Include="src\XEngine\Renderer\Renderer.h">
      <Filter>src\XEngine\Renderer</Filter>
    </ClInclude>
    <ClInclude Include="src\XEngine\Renderer\Renderer2D.h">
      <Filter>src\XEngine\Renderer</Filter>
    </ClInclude>
    <ClInclude Include="src\XEngine\Renderer\RendererAPI.h">
      <Filter>src\XEngine\Renderer</Filter>
    </ClInclude>
    <ClInclude Include="src\XEngine\Renderer\Shader.h">
      <Filter>src\XEngine\Renderer</Filter>
    </ClInclude>
    <ClInclude Include="src\XEngine\Renderer\Texture.h">
      <Filter>src\XEngine\Renderer</Filter>
    </ClInclude>
    <ClInclude Include="src\XEngine\Renderer\VertexArray.h">
      <Filter>src\XEngine\Renderer</Filter>
    </ClInclude>
    <ClInclude Include="src\xepch.h">
      <Filter>src</Filter>
    </ClInclude>
    <ClInclude Include="vendor\stb_image\stb_image.h">
      <Filter>vendor\stb_image</Filter>
    </ClInclude>
  </ItemGroup>
  <ItemGroup>
    <ClCompile Include="src\Platform\OpenGL\OpenGLBuffer.cpp">
      <Filter>src\Platform\OpenGL</Filter>
    </ClCompile>
    <ClCompile Include="src\Platform\OpenGL\OpenGLContext.cpp">
      <Filter>src\Platform\OpenGL</Filter>
    </ClCompile>
    <ClCompile Include="src\Platform\OpenGL\OpenGLRendererAPI.cpp">
      <Filter>src\Platform\OpenGL</Filter>
    </ClCompile>
    <ClCompile Include="src\Platform\OpenGL\OpenGLShader.cpp">
      <Filter>src\Platform\OpenGL</Filter>
    </ClCompile>
    <ClCompile Include="src\Platform\OpenGL\OpenGLTexture.cpp">
      <Filter>src\Platform\OpenGL</Filter>
    </ClCompile>
    <ClCompile Include="src\Platform\OpenGL\OpenGLVertexArray.cpp">
      <Filter>src\Platform\OpenGL</Filter>
    </ClCompile>
    <ClCompile Include="src\Platform\Windows\WindowInput.cpp">
      <Filter>src\Platform\Windows</Filter>
    </ClCompile>
    <ClCompile Include="src\Platform\Windows\WindowsWindow.cpp">
      <Filter>src\Platform\Windows</Filter>
    </ClCompile>
    <ClCompile Include="src\XEngine\Core\Application.cpp">
      <Filter>src\XEngine\Core</Filter>
    </ClCompile>
    <ClCompile Include="src\XEngine\Core\Layer.cpp">
      <Filter>src\XEngine\Core</Filter>
    </ClCompile>
    <ClCompile Include="src\XEngine\Core\LayerStack.cpp">
      <Filter>src\XEngine\Core</Filter>
    </ClCompile>
    <ClCompile Include="src\XEngine\Core\log.cpp">
      <Filter>src\XEngine\Core</Filter>
    </ClCompile>
    <ClCompile Include="src\XEngine\ImGui\ImGuiBuild.cpp">
      <Filter>src\XEngine\ImGui</Filter>
    </ClCompile>
    <ClCompile Include="src\XEngine\ImGui\ImGuiLayer.cpp">
      <Filter>src\XEngine\ImGui</Filter>
    </ClCompile>
    <ClCompile Include="src\XEngine\OrthographicCameraController.cpp">
      <Filter>src\XEngine</Filter>
    </ClCompile>
    <ClCompile Include="src\XEngine\Renderer\Buffer.cpp">
      <Filter>src\XEngine\Renderer</Filter>
    </ClCompile>
    <ClCompile Include="src\XEngine\Renderer\OrthographicCamera.cpp">
      <Filter>src\XEngine\Renderer</Filter>
    </ClCompile>
    <ClCompile Include="src\XEngine\Renderer\RenderCommand.cpp">
      <Filter>src\XEngine\Renderer</Filter>
    </ClCompile>
    <ClCompile Include="src\XEngine\Renderer\Renderer.cpp">
      <Filter>src\XEngine\Renderer</Filter>
    </ClCompile>
    <ClCompile Include="src\XEngine\Renderer\Renderer2D.cpp">
      <Filter>src\XEngine\Renderer</Filter>
    </ClCompile>
    <ClCompile Include="src\XEngine\Renderer\RendererAPI.cpp">
      <Filter>src\XEngine\Renderer</Filter>
    </ClCompile>
    <ClCompile Include="src\XEngine\Renderer\Shader.cpp">
      <Filter>src\XEngine\Renderer</Filter>
    </ClCompile>
    <ClCompile Include="src\XEngine\Renderer\Texture.cpp">
      <Filter>src\XEngine\Renderer</Filter>
    </ClCompile>
    <ClCompile Include="src\XEngine\Renderer\VertexArray.cpp">
      <Filter>src\XEngine\Renderer</Filter>
    </ClCompile>
    <ClCompile Include="src\xepch.cpp">
      <Filter>src</Filter>
    </ClCompile>
    <ClCompile Include="vendor\stb_image\std_image.cpp">
      <Filter>vendor\stb_image</Filter>
    </ClCompile>
  </ItemGroup>
</Project>